{
    "version": 3,
    "terraform_version": "0.11.5",
    "serial": 2,
    "lineage": "947b4dce-e081-60a8-610d-46ed356c53c6",
    "modules": [
        {
            "path": [
                "root"
            ],
            "outputs": {},
            "resources": {
                "aws_default_route_table.tf_private_rt": {
                    "type": "aws_default_route_table",
                    "depends_on": [
                        "aws_vpc.tf_vpc"
                    ],
                    "primary": {
                        "id": "rtb-0962f9cc1a97030f3",
                        "attributes": {
                            "default_route_table_id": "rtb-0962f9cc1a97030f3",
                            "id": "rtb-0962f9cc1a97030f3",
                            "owner_id": "421293623886",
                            "propagating_vgws.#": "0",
                            "route.#": "0",
                            "tags.%": "1",
                            "tags.Name": "tf_private",
                            "vpc_id": "vpc-0fe380923a67386f3"
                        },
                        "meta": {},
                        "tainted": false
                    },
                    "deposed": [],
                    "provider": "provider.aws"
                },
                "aws_internet_gateway.tf_internet_gateway": {
                    "type": "aws_internet_gateway",
                    "depends_on": [
                        "aws_vpc.tf_vpc"
                    ],
                    "primary": {
                        "id": "igw-08e21cdf17c9d5f1f",
                        "attributes": {
                            "id": "igw-08e21cdf17c9d5f1f",
                            "owner_id": "421293623886",
                            "tags.%": "1",
                            "tags.Name": "tf_igw",
                            "vpc_id": "vpc-0fe380923a67386f3"
                        },
                        "meta": {},
                        "tainted": false
                    },
                    "deposed": [],
                    "provider": "provider.aws"
                },
                "aws_route_table.tf_public_rt": {
                    "type": "aws_route_table",
                    "depends_on": [
                        "aws_internet_gateway.tf_internet_gateway",
                        "aws_vpc.tf_vpc"
                    ],
                    "primary": {
                        "id": "rtb-0b8b1135a0a7d4282",
                        "attributes": {
                            "id": "rtb-0b8b1135a0a7d4282",
                            "owner_id": "421293623886",
                            "propagating_vgws.#": "0",
                            "route.#": "1",
                            "route.2310596463.cidr_block": "0.0.0.0/0",
                            "route.2310596463.egress_only_gateway_id": "",
                            "route.2310596463.gateway_id": "igw-08e21cdf17c9d5f1f",
                            "route.2310596463.instance_id": "",
                            "route.2310596463.ipv6_cidr_block": "",
                            "route.2310596463.nat_gateway_id": "",
                            "route.2310596463.network_interface_id": "",
                            "route.2310596463.transit_gateway_id": "",
                            "route.2310596463.vpc_peering_connection_id": "",
                            "tags.%": "1",
                            "tags.Name": "tf_public",
                            "vpc_id": "vpc-0fe380923a67386f3"
                        },
                        "meta": {},
                        "tainted": false
                    },
                    "deposed": [],
                    "provider": "provider.aws"
                },
                "aws_vpc.tf_vpc": {
                    "type": "aws_vpc",
                    "depends_on": [],
                    "primary": {
                        "id": "vpc-0fe380923a67386f3",
                        "attributes": {
                            "arn": "arn:aws:ec2:us-west-2:421293623886:vpc/vpc-0fe380923a67386f3",
                            "assign_generated_ipv6_cidr_block": "false",
                            "cidr_block": "10.123.0.0/16",
                            "default_network_acl_id": "acl-0a212b3cf0e8ef520",
                            "default_route_table_id": "rtb-0962f9cc1a97030f3",
                            "default_security_group_id": "sg-0f41b6432611fb7c6",
                            "dhcp_options_id": "dopt-a4d00ddc",
                            "enable_classiclink": "false",
                            "enable_classiclink_dns_support": "false",
                            "enable_dns_hostnames": "true",
                            "enable_dns_support": "true",
                            "id": "vpc-0fe380923a67386f3",
                            "instance_tenancy": "default",
                            "ipv6_association_id": "",
                            "ipv6_cidr_block": "",
                            "main_route_table_id": "rtb-0962f9cc1a97030f3",
                            "owner_id": "421293623886",
                            "tags.%": "1",
                            "tags.Name": "tf_vpc"
                        },
                        "meta": {
                            "schema_version": "1"
                        },
                        "tainted": false
                    },
                    "deposed": [],
                    "provider": "provider.aws"
                },
                "data.aws_availability_zones.available": {
                    "type": "aws_availability_zones",
                    "depends_on": [],
                    "primary": {
                        "id": "2019-04-14 14:01:22.04726988 +0000 UTC",
                        "attributes": {
                            "id": "2019-04-14 14:01:22.04726988 +0000 UTC",
                            "names.#": "4",
                            "names.0": "us-west-2a",
                            "names.1": "us-west-2b",
                            "names.2": "us-west-2c",
                            "names.3": "us-west-2d",
                            "zone_ids.#": "4",
                            "zone_ids.0": "usw2-az1",
                            "zone_ids.1": "usw2-az2",
                            "zone_ids.2": "usw2-az3",
                            "zone_ids.3": "usw2-az4"
                        },
                        "meta": {},
                        "tainted": false
                    },
                    "deposed": [],
                    "provider": "provider.aws"
                }
            },
            "depends_on": []
        }
    ]
}
